
Microsoft Visual Studio Solution File, Format Version 12.00
# Visual Studio Version 17
VisualStudioVersion = 17.1.32228.430
MinimumVisualStudioVersion = 10.0.40219.1
Project("{9A19103F-16F7-4668-BE54-9A1E7A4F7556}") = "zdravstvena_ustanova", "zdravstvena_ustanova.csproj", "{2452A03D-4303-4C08-B88A-D71D2D31E622}"
EndProject
Project("{2150E333-8FDC-42A3-9474-1A3956D46DE8}") = "Solution Items", "Solution Items", "{D6ACDF9D-6A3B-4731-BB00-CF82137A53AF}"
	ProjectSection(SolutionItems) = preProject
		.editorconfig = .editorconfig
	EndProjectSection
EndProject
Project("{9A19103F-16F7-4668-BE54-9A1E7A4F7556}") = "ModalControl", "..\ModalControl\ModalControl.csproj", "{D127A389-B027-4C11-90CC-0A19076E26DC}"
EndProject
Global
	GlobalSection(SolutionConfigurationPlatforms) = preSolution
		Debug|Any CPU = Debug|Any CPU
		Release|Any CPU = Release|Any CPU
	EndGlobalSection
	GlobalSection(ProjectConfigurationPlatforms) = postSolution
		{2452A03D-4303-4C08-B88A-D71D2D31E622}.Debug|Any CPU.ActiveCfg = Debug|Any CPU
		{2452A03D-4303-4C08-B88A-D71D2D31E622}.Debug|Any CPU.Build.0 = Debug|Any CPU
		{2452A03D-4303-4C08-B88A-D71D2D31E622}.Release|Any CPU.ActiveCfg = Release|Any CPU
		{2452A03D-4303-4C08-B88A-D71D2D31E622}.Release|Any CPU.Build.0 = Release|Any CPU
		{D127A389-B027-4C11-90CC-0A19076E26DC}.Debug|Any CPU.ActiveCfg = Debug|Any CPU
		{D127A389-B027-4C11-90CC-0A19076E26DC}.Debug|Any CPU.Build.0 = Debug|Any CPU
		{D127A389-B027-4C11-90CC-0A19076E26DC}.Release|Any CPU.ActiveCfg = Release|Any CPU
		{D127A389-B027-4C11-90CC-0A19076E26DC}.Release|Any CPU.Build.0 = Release|Any CPU
	EndGlobalSection
	GlobalSection(SolutionProperties) = preSolution
		HideSolutionNode = FALSE
	EndGlobalSection
	GlobalSection(ExtensibilityGlobals) = postSolution
		SolutionGuid = {C2C4FE15-A758-4534-8BCE-40B29B9F65FD}
	EndGlobalSection
EndGlobal
